
Microsoft Visual Studio Solution File, Format Version 12.00
Project("{FAE04EC0-301F-11D3-BF4B-00C04F79EFBC}") = "SekiroTool", "SekiroTool\SekiroTool.csproj", "{C1FC91D6-A07A-4177-A7BE-05A1EDEC3F82}"
EndProject
Global
	GlobalSection(SolutionConfigurationPlatforms) = preSolution
		Debug|Any CPU = Debug|Any CPU
		Release|Any CPU = Release|Any CPU
	EndGlobalSection
	GlobalSection(ProjectConfigurationPlatforms) = postSolution
		{C1FC91D6-A07A-4177-A7BE-05A1EDEC3F82}.Debug|Any CPU.ActiveCfg = Debug|Any CPU
		{C1FC91D6-A07A-4177-A7BE-05A1EDEC3F82}.Debug|Any CPU.Build.0 = Debug|Any CPU
		{C1FC91D6-A07A-4177-A7BE-05A1EDEC3F82}.Release|Any CPU.ActiveCfg = Release|Any CPU
		{C1FC91D6-A07A-4177-A7BE-05A1EDEC3F82}.Release|Any CPU.Build.0 = Release|Any CPU
	EndGlobalSection
EndGlobal
